
Microsoft Visual Studio Solution File, Format Version 12.00
# Visual Studio Version 16
VisualStudioVersion = 16.0.32228.343
MinimumVisualStudioVersion = 10.0.40219.1
Project("{FAE04EC0-301F-11D3-BF4B-00C04F79EFBC}") = "Login Page", "Azure Project Task 1\Login Page.csproj", "{0C4A50F2-EA62-46A2-85B0-88C04D680EB3}"
EndProject
Global
	GlobalSection(SolutionConfigurationPlatforms) = preSolution
		Debug|Any CPU = Debug|Any CPU
		Release|Any CPU = Release|Any CPU
	EndGlobalSection
	GlobalSection(ProjectConfigurationPlatforms) = postSolution
		{0C4A50F2-EA62-46A2-85B0-88C04D680EB3}.Debug|Any CPU.ActiveCfg = Debug|Any CPU
		{0C4A50F2-EA62-46A2-85B0-88C04D680EB3}.Debug|Any CPU.Build.0 = Debug|Any CPU
		{0C4A50F2-EA62-46A2-85B0-88C04D680EB3}.Release|Any CPU.ActiveCfg = Release|Any CPU
		{0C4A50F2-EA62-46A2-85B0-88C04D680EB3}.Release|Any CPU.Build.0 = Release|Any CPU
	EndGlobalSection
	GlobalSection(SolutionProperties) = preSolution
		HideSolutionNode = FALSE
	EndGlobalSection
	GlobalSection(ExtensibilityGlobals) = postSolution
		SolutionGuid = {06164F87-181F-4743-9B04-B96AF24CB813}
	EndGlobalSection
EndGlobal
